github.com/Bob-MusicPlayer/shared-bob v0.0.0-20191214111713-ce616901a921 h1:LVHn4Kyxn+kiUqDocmmjqZdk2NIipheWeyUSpKqbf7s=
github.com/Bob-MusicPlayer/shared-bob v0.0.0-20191214111713-ce616901a921/go.mod h1:WuxrNah0mQ5PBVdEPX/nZ6vh/CfHSGrOJPsGSRLsBpA=
github.com/alexandrevicenzi/go-sse v1.3.0 h1:TkhRItRCjTePoXqsHiDiB6hlRaou85zcMTKGbfRwJp8=
github.com/alexandrevicenzi/go-sse v1.3.0/go.mod h1:BLBuvd1uY9dCX660zu1fzsmr0Cqt3VPqK1e5fPfV6wc=
github.com/davecgh/go-spew v1.1.1 h1:vj9j/u1bqnvCEfJOwUhtlOARqs3+rkHYY13jYWTU97c=
github.com/davecgh/go-spew v1.1.1/go.mod h1:J7Y8YcW2NihsgmVo/mv3lAwl/skON4iLHjSsI+c5H38=
github.com/konsorten/go-windows-terminal-sequences v1.0.1/go.mod h1:T0+1ngSBFLxvqU3pZ+m/2kptfBszLMUkC4ZK/EgS/cQ=
github.com/konsorten/go-windows-terminal-sequences v1.0.2 h1:DB17ag19krx9CFsz4o3enTrPXyIXCl+2iCXH/aMAp9s=
github.com/konsorten/go-windows-terminal-sequences v1.0.2/go.mod h1:T0+1ngSBFLxvqU3pZ+m/2kptfBszLMUkC4ZK/EgS/cQ=
github.com/pmezard/go-difflib v1.0.0 h1:4DBwDE0NGyQoBHbLQYPwSUPoCMWR5BEzIk/f1lZbAQM=
github.com/pmezard/go-difflib v1.0.0/go.mod h1:iKH77koFhYxTK1pcRnkKkqfTogsbg7gZNVY4sRDYZ/4=
github.com/sirupsen/logrus v1.4.3-0.20191026113918-67a7fdcf741f h1:xnyywEh1HIH7+ehsJqLMhxBPm1J98jOR3/onr/HaI5s=
github.com/sirupsen/logrus v1.4.3-0.20191026113918-67a7fdcf741f/go.mod h1:+F7Ogzej0PZc/94MaYx/nvG9jOFMD2osvC3s+Squfpo=
github.com/stretchr/testify v1.2.2 h1:bSDNvY7ZPG5RlJ8otE/7V6gMiyenm9RtJ7IUVIAoJ1w=
github.com/stretchr/testify v1.2.2/go.mod h1:a8OnRcib4nhh0OaRAV+Yts87kKdq0PP7pXfy6kDkUVs=
golang.org/x/sys v0.0.0-20190422165155-953cdadca894/go.mod h1:h1NjWce9XRLGQEsW7wpKNCjG9DtNlClVuFLEZdDNbEs=
golang.org/x/sys v0.0.0-20191210023423-ac6580df4449 h1:gSbV7h1NRL2G1xTg/owz62CST1oJBmxy4QpMMregXVQ=
golang.org/x/sys v0.0.0-20191210023423-ac6580df4449/go.mod h1:h1NjWce9XRLGQEsW7wpKNCjG9DtNlClVuFLEZdDNbEs=
